
Microsoft Visual Studio Solution File, Format Version 12.00
# Visual Studio Version 17
VisualStudioVersion = 17.5.33414.496
MinimumVisualStudioVersion = 10.0.40219.1
Project("{9A19103F-16F7-4668-BE54-9A1E7A4F7556}") = "Wahome.CosmosDB", "Wahome.CosmosDB.csproj", "{CEF0EAA5-D753-4FB8-8FAC-4E11F1A7018C}"
EndProject
Global
	GlobalSection(SolutionConfigurationPlatforms) = preSolution
		Debug|Any CPU = Debug|Any CPU
		Release|Any CPU = Release|Any CPU
	EndGlobalSection
	GlobalSection(ProjectConfigurationPlatforms) = postSolution
		{CEF0EAA5-D753-4FB8-8FAC-4E11F1A7018C}.Debug|Any CPU.ActiveCfg = Debug|Any CPU
		{CEF0EAA5-D753-4FB8-8FAC-4E11F1A7018C}.Debug|Any CPU.Build.0 = Debug|Any CPU
		{CEF0EAA5-D753-4FB8-8FAC-4E11F1A7018C}.Release|Any CPU.ActiveCfg = Release|Any CPU
		{CEF0EAA5-D753-4FB8-8FAC-4E11F1A7018C}.Release|Any CPU.Build.0 = Release|Any CPU
	EndGlobalSection
	GlobalSection(SolutionProperties) = preSolution
		HideSolutionNode = FALSE
	EndGlobalSection
	GlobalSection(ExtensibilityGlobals) = postSolution
		SolutionGuid = {6B44DA8E-05F9-47C0-BCA8-9BD8009846CB}
	EndGlobalSection
EndGlobal
